
Microsoft Visual Studio Solution File, Format Version 12.00
# Visual Studio 14
VisualStudioVersion = 14.0.24720.0
MinimumVisualStudioVersion = 10.0.40219.1
Project("{FAE04EC0-301F-11D3-BF4B-00C04F79EFBC}") = "GameSys.NumberSeries", "GameSys.NumberSeries\GameSys.NumberSeries.csproj", "{EDE9F9FB-D75F-486A-B13A-B6D9D221B912}"
EndProject
Project("{FAE04EC0-301F-11D3-BF4B-00C04F79EFBC}") = "GameSys.NumberSeries.Tests", "GameSys.NumberSeries.Tests\GameSys.NumberSeries.Tests.csproj", "{D23FF3AA-ECD4-40DE-99D2-EB8C65ED10AA}"
EndProject
Global
	GlobalSection(SolutionConfigurationPlatforms) = preSolution
		Debug|Any CPU = Debug|Any CPU
		Release|Any CPU = Release|Any CPU
	EndGlobalSection
	GlobalSection(ProjectConfigurationPlatforms) = postSolution
		{EDE9F9FB-D75F-486A-B13A-B6D9D221B912}.Debug|Any CPU.ActiveCfg = Debug|Any CPU
		{EDE9F9FB-D75F-486A-B13A-B6D9D221B912}.Debug|Any CPU.Build.0 = Debug|Any CPU
		{EDE9F9FB-D75F-486A-B13A-B6D9D221B912}.Release|Any CPU.ActiveCfg = Release|Any CPU
		{EDE9F9FB-D75F-486A-B13A-B6D9D221B912}.Release|Any CPU.Build.0 = Release|Any CPU
		{D23FF3AA-ECD4-40DE-99D2-EB8C65ED10AA}.Debug|Any CPU.ActiveCfg = Debug|Any CPU
		{D23FF3AA-ECD4-40DE-99D2-EB8C65ED10AA}.Debug|Any CPU.Build.0 = Debug|Any CPU
		{D23FF3AA-ECD4-40DE-99D2-EB8C65ED10AA}.Release|Any CPU.ActiveCfg = Release|Any CPU
		{D23FF3AA-ECD4-40DE-99D2-EB8C65ED10AA}.Release|Any CPU.Build.0 = Release|Any CPU
	EndGlobalSection
	GlobalSection(SolutionProperties) = preSolution
		HideSolutionNode = FALSE
	EndGlobalSection
EndGlobal
